
Microsoft Visual Studio Solution File, Format Version 12.00
# Visual Studio 15
VisualStudioVersion = 15.0.28010.2046
MinimumVisualStudioVersion = 10.0.40219.1
Project("{FAE04EC0-301F-11D3-BF4B-00C04F79EFBC}") = "OODIS_client", "OODIS_client\OODIS_client.csproj", "{275E80A0-C848-4419-BBE7-B9C7E3EE8A06}"
EndProject
Global
	GlobalSection(SolutionConfigurationPlatforms) = preSolution
		Debug|Any CPU = Debug|Any CPU
		Release|Any CPU = Release|Any CPU
	EndGlobalSection
	GlobalSection(ProjectConfigurationPlatforms) = postSolution
		{275E80A0-C848-4419-BBE7-B9C7E3EE8A06}.Debug|Any CPU.ActiveCfg = Debug|Any CPU
		{275E80A0-C848-4419-BBE7-B9C7E3EE8A06}.Debug|Any CPU.Build.0 = Debug|Any CPU
		{275E80A0-C848-4419-BBE7-B9C7E3EE8A06}.Release|Any CPU.ActiveCfg = Release|Any CPU
		{275E80A0-C848-4419-BBE7-B9C7E3EE8A06}.Release|Any CPU.Build.0 = Release|Any CPU
	EndGlobalSection
	GlobalSection(SolutionProperties) = preSolution
		HideSolutionNode = FALSE
	EndGlobalSection
	GlobalSection(ExtensibilityGlobals) = postSolution
		SolutionGuid = {E2DA8063-3146-4388-B140-072810B7A25F}
	EndGlobalSection
EndGlobal
